
Microsoft Visual Studio Solution File, Format Version 12.00
# Visual Studio Version 17
VisualStudioVersion = 17.8.34330.188
MinimumVisualStudioVersion = 10.0.40219.1
Project("{FAE04EC0-301F-11D3-BF4B-00C04F79EFBC}") = "PredictNowNET", "PredictNowNET.csproj", "{7118D784-CF50-4726-935B-880AA8CEBAD5}"
EndProject
Project("{FAE04EC0-301F-11D3-BF4B-00C04F79EFBC}") = "Tests", "Tests\Tests.csproj", "{BB71976B-ADF8-4DA4-8C95-7C4A25155913}"
EndProject
Global
	GlobalSection(SolutionConfigurationPlatforms) = preSolution
		Debug|Any CPU = Debug|Any CPU
		Release|Any CPU = Release|Any CPU
	EndGlobalSection
	GlobalSection(ProjectConfigurationPlatforms) = postSolution
		{7118D784-CF50-4726-935B-880AA8CEBAD5}.Debug|Any CPU.ActiveCfg = Debug|Any CPU
		{7118D784-CF50-4726-935B-880AA8CEBAD5}.Debug|Any CPU.Build.0 = Debug|Any CPU
		{7118D784-CF50-4726-935B-880AA8CEBAD5}.Release|Any CPU.ActiveCfg = Release|Any CPU
		{7118D784-CF50-4726-935B-880AA8CEBAD5}.Release|Any CPU.Build.0 = Release|Any CPU
		{BB71976B-ADF8-4DA4-8C95-7C4A25155913}.Debug|Any CPU.ActiveCfg = Debug|Any CPU
		{BB71976B-ADF8-4DA4-8C95-7C4A25155913}.Debug|Any CPU.Build.0 = Debug|Any CPU
		{BB71976B-ADF8-4DA4-8C95-7C4A25155913}.Release|Any CPU.ActiveCfg = Release|Any CPU
		{BB71976B-ADF8-4DA4-8C95-7C4A25155913}.Release|Any CPU.Build.0 = Release|Any CPU
	EndGlobalSection
	GlobalSection(SolutionProperties) = preSolution
		HideSolutionNode = FALSE
	EndGlobalSection
	GlobalSection(ExtensibilityGlobals) = postSolution
		SolutionGuid = {0B34398E-8866-4583-84DB-3CA791FD4837}
	EndGlobalSection
EndGlobal
